
Microsoft Visual Studio Solution File, Format Version 12.00
# Visual Studio Version 17
VisualStudioVersion = 17.4.33213.308
MinimumVisualStudioVersion = 10.0.40219.1
Project("{FAE04EC0-301F-11D3-BF4B-00C04F79EFBC}") = "WSUniversalLib", "WSUniversalLib.csproj", "{877A2CB5-DBFB-4D12-83C1-B11E4428AFF1}"
EndProject
Project("{FAE04EC0-301F-11D3-BF4B-00C04F79EFBC}") = "WSUniversalLibUnitTest", "..\WSUniversalLibUnitTest\WSUniversalLibUnitTest.csproj", "{9C5C8471-2204-487A-9FC4-8F5E6D5489B9}"
EndProject
Global
	GlobalSection(SolutionConfigurationPlatforms) = preSolution
		Debug|Any CPU = Debug|Any CPU
		Release|Any CPU = Release|Any CPU
	EndGlobalSection
	GlobalSection(ProjectConfigurationPlatforms) = postSolution
		{877A2CB5-DBFB-4D12-83C1-B11E4428AFF1}.Debug|Any CPU.ActiveCfg = Debug|Any CPU
		{877A2CB5-DBFB-4D12-83C1-B11E4428AFF1}.Debug|Any CPU.Build.0 = Debug|Any CPU
		{877A2CB5-DBFB-4D12-83C1-B11E4428AFF1}.Release|Any CPU.ActiveCfg = Release|Any CPU
		{877A2CB5-DBFB-4D12-83C1-B11E4428AFF1}.Release|Any CPU.Build.0 = Release|Any CPU
		{9C5C8471-2204-487A-9FC4-8F5E6D5489B9}.Debug|Any CPU.ActiveCfg = Debug|Any CPU
		{9C5C8471-2204-487A-9FC4-8F5E6D5489B9}.Debug|Any CPU.Build.0 = Debug|Any CPU
		{9C5C8471-2204-487A-9FC4-8F5E6D5489B9}.Release|Any CPU.ActiveCfg = Release|Any CPU
		{9C5C8471-2204-487A-9FC4-8F5E6D5489B9}.Release|Any CPU.Build.0 = Release|Any CPU
	EndGlobalSection
	GlobalSection(SolutionProperties) = preSolution
		HideSolutionNode = FALSE
	EndGlobalSection
	GlobalSection(ExtensibilityGlobals) = postSolution
		SolutionGuid = {AD218C28-F08A-4177-B5EB-D54F80291A5D}
	EndGlobalSection
EndGlobal
