
Microsoft Visual Studio Solution File, Format Version 12.00
# Visual Studio Version 17
VisualStudioVersion = 17.4.33213.308
MinimumVisualStudioVersion = 10.0.40219.1
Project("{FAE04EC0-301F-11D3-BF4B-00C04F79EFBC}") = "Diplom", "Diplom.csproj", "{72A143F2-89FE-4917-AA79-7C9C760CEAE1}"
EndProject
Project("{FAE04EC0-301F-11D3-BF4B-00C04F79EFBC}") = "UnitTestProject", "..\UnitTestProject\UnitTestProject.csproj", "{5C8BF3FD-9A0A-4678-B9F6-AB1A6509376A}"
EndProject
Global
	GlobalSection(SolutionConfigurationPlatforms) = preSolution
		Debug|Any CPU = Debug|Any CPU
		Release|Any CPU = Release|Any CPU
	EndGlobalSection
	GlobalSection(ProjectConfigurationPlatforms) = postSolution
		{72A143F2-89FE-4917-AA79-7C9C760CEAE1}.Debug|Any CPU.ActiveCfg = Debug|Any CPU
		{72A143F2-89FE-4917-AA79-7C9C760CEAE1}.Debug|Any CPU.Build.0 = Debug|Any CPU
		{72A143F2-89FE-4917-AA79-7C9C760CEAE1}.Release|Any CPU.ActiveCfg = Release|Any CPU
		{72A143F2-89FE-4917-AA79-7C9C760CEAE1}.Release|Any CPU.Build.0 = Release|Any CPU
		{5C8BF3FD-9A0A-4678-B9F6-AB1A6509376A}.Debug|Any CPU.ActiveCfg = Debug|Any CPU
		{5C8BF3FD-9A0A-4678-B9F6-AB1A6509376A}.Debug|Any CPU.Build.0 = Debug|Any CPU
		{5C8BF3FD-9A0A-4678-B9F6-AB1A6509376A}.Release|Any CPU.ActiveCfg = Release|Any CPU
		{5C8BF3FD-9A0A-4678-B9F6-AB1A6509376A}.Release|Any CPU.Build.0 = Release|Any CPU
	EndGlobalSection
	GlobalSection(SolutionProperties) = preSolution
		HideSolutionNode = FALSE
	EndGlobalSection
	GlobalSection(ExtensibilityGlobals) = postSolution
		SolutionGuid = {DCDA2B48-CBA5-4AEE-BF12-B04021D62AE6}
	EndGlobalSection
EndGlobal
